// !$*UTF8*$!
{
	archiveVersion = 1;
	classes = {
	};
	objectVersion = 56;
	objects = {

/* Begin PBXBuildFile section */
		1AA52E752C627B04006F4969 /* SwiftUIPhotoGalleryAppApp.swift in Sources */ = {isa = PBXBuildFile; fileRef = 1AA52E742C627B04006F4969 /* SwiftUIPhotoGalleryAppApp.swift */; };
		1AA52E772C627B04006F4969 /* ContentView.swift in Sources */ = {isa = PBXBuildFile; fileRef = 1AA52E762C627B04006F4969 /* ContentView.swift */; };
		1AA52E792C627B06006F4969 /* Assets.xcassets in Resources */ = {isa = PBXBuildFile; fileRef = 1AA52E782C627B06006F4969 /* Assets.xcassets */; };
		1AA52E7C2C627B06006F4969 /* Preview Assets.xcassets in Resources */ = {isa = PBXBuildFile; fileRef = 1AA52E7B2C627B06006F4969 /* Preview Assets.xcassets */; };
		1AA52E842C627B54006F4969 /* SearchResponse.swift in Sources */ = {isa = PBXBuildFile; fileRef = 1AA52E832C627B54006F4969 /* SearchResponse.swift */; };
		1AA52E872C627E2E006F4969 /* APIManager.swift in Sources */ = {isa = PBXBuildFile; fileRef = 1AA52E862C627E2E006F4969 /* APIManager.swift */; };
		1AA52E892C6280B5006F4969 /* NetworkDataFetcher.swift in Sources */ = {isa = PBXBuildFile; fileRef = 1AA52E882C6280B5006F4969 /* NetworkDataFetcher.swift */; };
		1AA52E8D2C628B7B006F4969 /* PhotoViewModel.swift in Sources */ = {isa = PBXBuildFile; fileRef = 1AA52E8C2C628B7B006F4969 /* PhotoViewModel.swift */; };
		1AA52E8F2C628CE0006F4969 /* ObservablePhotoViewModel.swift in Sources */ = {isa = PBXBuildFile; fileRef = 1AA52E8E2C628CE0006F4969 /* ObservablePhotoViewModel.swift */; };
/* End PBXBuildFile section */

/* Begin PBXFileReference section */
		1AA52E712C627B04006F4969 /* SwiftUIPhotoGalleryApp.app */ = {isa = PBXFileReference; explicitFileType = wrapper.application; includeInIndex = 0; path = SwiftUIPhotoGalleryApp.app; sourceTree = BUILT_PRODUCTS_DIR; };
		1AA52E742C627B04006F4969 /* SwiftUIPhotoGalleryAppApp.swift */ = {isa = PBXFileReference; lastKnownFileType = sourcecode.swift; path = SwiftUIPhotoGalleryAppApp.swift; sourceTree = "<group>"; };
		1AA52E762C627B04006F4969 /* ContentView.swift */ = {isa = PBXFileReference; lastKnownFileType = sourcecode.swift; path = ContentView.swift; sourceTree = "<group>"; };
		1AA52E782C627B06006F4969 /* Assets.xcassets */ = {isa = PBXFileReference; lastKnownFileType = folder.assetcatalog; path = Assets.xcassets; sourceTree = "<group>"; };
		1AA52E7B2C627B06006F4969 /* Preview Assets.xcassets */ = {isa = PBXFileReference; lastKnownFileType = folder.assetcatalog; path = "Preview Assets.xcassets"; sourceTree = "<group>"; };
		1AA52E832C627B54006F4969 /* SearchResponse.swift */ = {isa = PBXFileReference; lastKnownFileType = sourcecode.swift; path = SearchResponse.swift; sourceTree = "<group>"; };
		1AA52E862C627E2E006F4969 /* APIManager.swift */ = {isa = PBXFileReference; lastKnownFileType = sourcecode.swift; path = APIManager.swift; sourceTree = "<group>"; };
		1AA52E882C6280B5006F4969 /* NetworkDataFetcher.swift */ = {isa = PBXFileReference; lastKnownFileType = sourcecode.swift; path = NetworkDataFetcher.swift; sourceTree = "<group>"; };
		1AA52E8C2C628B7B006F4969 /* PhotoViewModel.swift */ = {isa = PBXFileReference; lastKnownFileType = sourcecode.swift; path = PhotoViewModel.swift; sourceTree = "<group>"; };
		1AA52E8E2C628CE0006F4969 /* ObservablePhotoViewModel.swift */ = {isa = PBXFileReference; lastKnownFileType = sourcecode.swift; path = ObservablePhotoViewModel.swift; sourceTree = "<group>"; };
/* End PBXFileReference section */

/* Begin PBXFrameworksBuildPhase section */
		1AA52E6E2C627B04006F4969 /* Frameworks */ = {
			isa = PBXFrameworksBuildPhase;
			buildActionMask = 2147483647;
			files = (
			);
			runOnlyForDeploymentPostprocessing = 0;
		};
/* End PBXFrameworksBuildPhase section */

/* Begin PBXGroup section */
		1AA52E682C627B04006F4969 = {
			isa = PBXGroup;
			children = (
				1AA52E732C627B04006F4969 /* SwiftUIPhotoGalleryApp */,
				1AA52E722C627B04006F4969 /* Products */,
			);
			sourceTree = "<group>";
		};
		1AA52E722C627B04006F4969 /* Products */ = {
			isa = PBXGroup;
			children = (
				1AA52E712C627B04006F4969 /* SwiftUIPhotoGalleryApp.app */,
			);
			name = Products;
			sourceTree = "<group>";
		};
		1AA52E732C627B04006F4969 /* SwiftUIPhotoGalleryApp */ = {
			isa = PBXGroup;
			children = (
				1AA52E822C627B25006F4969 /* Models */,
				1AA52E8B2C62884D006F4969 /* Views */,
				1AA52E8A2C628825006F4969 /* ViewModels */,
				1AA52E852C627E0D006F4969 /* Services */,
				1AA52E742C627B04006F4969 /* SwiftUIPhotoGalleryAppApp.swift */,
				1AA52E762C627B04006F4969 /* ContentView.swift */,
				1AA52E782C627B06006F4969 /* Assets.xcassets */,
				1AA52E7A2C627B06006F4969 /* Preview Content */,
			);
			path = SwiftUIPhotoGalleryApp;
			sourceTree = "<group>";
		};
		1AA52E7A2C627B06006F4969 /* Preview Content */ = {
			isa = PBXGroup;
			children = (
				1AA52E7B2C627B06006F4969 /* Preview Assets.xcassets */,
			);
			path = "Preview Content";
			sourceTree = "<group>";
		};
		1AA52E822C627B25006F4969 /* Models */ = {
			isa = PBXGroup;
			children = (
				1AA52E832C627B54006F4969 /* SearchResponse.swift */,
			);
			path = Models;
			sourceTree = "<group>";
		};
		1AA52E852C627E0D006F4969 /* Services */ = {
			isa = PBXGroup;
			children = (
				1AA52E862C627E2E006F4969 /* APIManager.swift */,
				1AA52E882C6280B5006F4969 /* NetworkDataFetcher.swift */,
			);
			path = Services;
			sourceTree = "<group>";
		};
		1AA52E8A2C628825006F4969 /* ViewModels */ = {
			isa = PBXGroup;
			children = (
				1AA52E8C2C628B7B006F4969 /* PhotoViewModel.swift */,
				1AA52E8E2C628CE0006F4969 /* ObservablePhotoViewModel.swift */,
			);
			path = ViewModels;
			sourceTree = "<group>";
		};
		1AA52E8B2C62884D006F4969 /* Views */ = {
			isa = PBXGroup;
			children = (
			);
			path = Views;
			sourceTree = "<group>";
		};
/* End PBXGroup section */

/* Begin PBXNativeTarget section */
		1AA52E702C627B04006F4969 /* SwiftUIPhotoGalleryApp */ = {
			isa = PBXNativeTarget;
			buildConfigurationList = 1AA52E7F2C627B06006F4969 /* Build configuration list for PBXNativeTarget "SwiftUIPhotoGalleryApp" */;
			buildPhases = (
				1AA52E6D2C627B04006F4969 /* Sources */,
				1AA52E6E2C627B04006F4969 /* Frameworks */,
				1AA52E6F2C627B04006F4969 /* Resources */,
			);
			buildRules = (
			);
			dependencies = (
			);
			name = SwiftUIPhotoGalleryApp;
			productName = SwiftUIPhotoGalleryApp;
			productReference = 1AA52E712C627B04006F4969 /* SwiftUIPhotoGalleryApp.app */;
			productType = "com.apple.product-type.application";
		};
/* End PBXNativeTarget section */

/* Begin PBXProject section */
		1AA52E692C627B04006F4969 /* Project object */ = {
			isa = PBXProject;
			attributes = {
				BuildIndependentTargetsInParallel = 1;
				LastSwiftUpdateCheck = 1540;
				LastUpgradeCheck = 1540;
				TargetAttributes = {
					1AA52E702C627B04006F4969 = {
						CreatedOnToolsVersion = 15.4;
					};
				};
			};
			buildConfigurationList = 1AA52E6C2C627B04006F4969 /* Build configuration list for PBXProject "SwiftUIPhotoGalleryApp" */;
			compatibilityVersion = "Xcode 14.0";
			developmentRegion = en;
			hasScannedForEncodings = 0;
			knownRegions = (
				en,
				Base,
			);
			mainGroup = 1AA52E682C627B04006F4969;
			productRefGroup = 1AA52E722C627B04006F4969 /* Products */;
			projectDirPath = "";
			projectRoot = "";
			targets = (
				1AA52E702C627B04006F4969 /* SwiftUIPhotoGalleryApp */,
			);
		};
/* End PBXProject section */

/* Begin PBXResourcesBuildPhase section */
		1AA52E6F2C627B04006F4969 /* Resources */ = {
			isa = PBXResourcesBuildPhase;
			buildActionMask = 2147483647;
			files = (
				1AA52E7C2C627B06006F4969 /* Preview Assets.xcassets in Resources */,
				1AA52E792C627B06006F4969 /* Assets.xcassets in Resources */,
			);
			runOnlyForDeploymentPostprocessing = 0;
		};
/* End PBXResourcesBuildPhase section */

/* Begin PBXSourcesBuildPhase section */
		1AA52E6D2C627B04006F4969 /* Sources */ = {
			isa = PBXSourcesBuildPhase;
			buildActionMask = 2147483647;
			files = (
				1AA52E772C627B04006F4969 /* ContentView.swift in Sources */,
				1AA52E8D2C628B7B006F4969 /* PhotoViewModel.swift in Sources */,
				1AA52E8F2C628CE0006F4969 /* ObservablePhotoViewModel.swift in Sources */,
				1AA52E752C627B04006F4969 /* SwiftUIPhotoGalleryAppApp.swift in Sources */,
				1AA52E872C627E2E006F4969 /* APIManager.swift in Sources */,
				1AA52E842C627B54006F4969 /* SearchResponse.swift in Sources */,
				1AA52E892C6280B5006F4969 /* NetworkDataFetcher.swift in Sources */,
			);
			runOnlyForDeploymentPostprocessing = 0;
		};
/* End PBXSourcesBuildPhase section */

/* Begin XCBuildConfiguration section */
		1AA52E7D2C627B06006F4969 /* Debug */ = {
			isa = XCBuildConfiguration;
			buildSettings = {
				ALWAYS_SEARCH_USER_PATHS = NO;
				ASSETCATALOG_COMPILER_GENERATE_SWIFT_ASSET_SYMBOL_EXTENSIONS = YES;
				CLANG_ANALYZER_NONNULL = YES;
				CLANG_ANALYZER_NUMBER_OBJECT_CONVERSION = YES_AGGRESSIVE;
				CLANG_CXX_LANGUAGE_STANDARD = "gnu++20";
				CLANG_ENABLE_MODULES = YES;
				CLANG_ENABLE_OBJC_ARC = YES;
				CLANG_ENABLE_OBJC_WEAK = YES;
				CLANG_WARN_BLOCK_CAPTURE_AUTORELEASING = YES;
				CLANG_WARN_BOOL_CONVERSION = YES;
				CLANG_WARN_COMMA = YES;
				CLANG_WARN_CONSTANT_CONVERSION = YES;
				CLANG_WARN_DEPRECATED_OBJC_IMPLEMENTATIONS = YES;
				CLANG_WARN_DIRECT_OBJC_ISA_USAGE = YES_ERROR;
				CLANG_WARN_DOCUMENTATION_COMMENTS = YES;
				CLANG_WARN_EMPTY_BODY = YES;
				CLANG_WARN_ENUM_CONVERSION = YES;
				CLANG_WARN_INFINITE_RECURSION = YES;
				CLANG_WARN_INT_CONVERSION = YES;
				CLANG_WARN_NON_LITERAL_NULL_CONVERSION = YES;
				CLANG_WARN_OBJC_IMPLICIT_RETAIN_SELF = YES;
				CLANG_WARN_OBJC_LITERAL_CONVERSION = YES;
				CLANG_WARN_OBJC_ROOT_CLASS = YES_ERROR;
				CLANG_WARN_QUOTED_INCLUDE_IN_FRAMEWORK_HEADER = YES;
				CLANG_WARN_RANGE_LOOP_ANALYSIS = YES;
				CLANG_WARN_STRICT_PROTOTYPES = YES;
				CLANG_WARN_SUSPICIOUS_MOVE = YES;
				CLANG_WARN_UNGUARDED_AVAILABILITY = YES_AGGRESSIVE;
				CLANG_WARN_UNREACHABLE_CODE = YES;
				CLANG_WARN__DUPLICATE_METHOD_MATCH = YES;
				COPY_PHASE_STRIP = NO;
				DEBUG_INFORMATION_FORMAT = dwarf;
				ENABLE_STRICT_OBJC_MSGSEND = YES;
				ENABLE_TESTABILITY = YES;
				ENABLE_USER_SCRIPT_SANDBOXING = YES;
				GCC_C_LANGUAGE_STANDARD = gnu17;
				GCC_DYNAMIC_NO_PIC = NO;
				GCC_NO_COMMON_BLOCKS = YES;
				GCC_OPTIMIZATION_LEVEL = 0;
				GCC_PREPROCESSOR_DEFINITIONS = (
					"DEBUG=1",
					"$(inherited)",
				);
				GCC_WARN_64_TO_32_BIT_CONVERSION = YES;
				GCC_WARN_ABOUT_RETURN_TYPE = YES_ERROR;
				GCC_WARN_UNDECLARED_SELECTOR = YES;
				GCC_WARN_UNINITIALIZED_AUTOS = YES_AGGRESSIVE;
				GCC_WARN_UNUSED_FUNCTION = YES;
				GCC_WARN_UNUSED_VARIABLE = YES;
				IPHONEOS_DEPLOYMENT_TARGET = 17.5;
				LOCALIZATION_PREFERS_STRING_CATALOGS = YES;
				MTL_ENABLE_DEBUG_INFO = INCLUDE_SOURCE;
				MTL_FAST_MATH = YES;
				ONLY_ACTIVE_ARCH = YES;
				SDKROOT = iphoneos;
				SWIFT_ACTIVE_COMPILATION_CONDITIONS = "DEBUG $(inherited)";
				SWIFT_OPTIMIZATION_LEVEL = "-Onone";
			};
			name = Debug;
		};
		1AA52E7E2C627B06006F4969 /* Release */ = {
			isa = XCBuildConfiguration;
			buildSettings = {
				ALWAYS_SEARCH_USER_PATHS = NO;
				ASSETCATALOG_COMPILER_GENERATE_SWIFT_ASSET_SYMBOL_EXTENSIONS = YES;
				CLANG_ANALYZER_NONNULL = YES;
				CLANG_ANALYZER_NUMBER_OBJECT_CONVERSION = YES_AGGRESSIVE;
				CLANG_CXX_LANGUAGE_STANDARD = "gnu++20";
				CLANG_ENABLE_MODULES = YES;
				CLANG_ENABLE_OBJC_ARC = YES;
				CLANG_ENABLE_OBJC_WEAK = YES;
				CLANG_WARN_BLOCK_CAPTURE_AUTORELEASING = YES;
				CLANG_WARN_BOOL_CONVERSION = YES;
				CLANG_WARN_COMMA = YES;
				CLANG_WARN_CONSTANT_CONVERSION = YES;
				CLANG_WARN_DEPRECATED_OBJC_IMPLEMENTATIONS = YES;
				CLANG_WARN_DIRECT_OBJC_ISA_USAGE = YES_ERROR;
				CLANG_WARN_DOCUMENTATION_COMMENTS = YES;
				CLANG_WARN_EMPTY_BODY = YES;
				CLANG_WARN_ENUM_CONVERSION = YES;
				CLANG_WARN_INFINITE_RECURSION = YES;
				CLANG_WARN_INT_CONVERSION = YES;
				CLANG_WARN_NON_LITERAL_NULL_CONVERSION = YES;
				CLANG_WARN_OBJC_IMPLICIT_RETAIN_SELF = YES;
				CLANG_WARN_OBJC_LITERAL_CONVERSION = YES;
				CLANG_WARN_OBJC_ROOT_CLASS = YES_ERROR;
				CLANG_WARN_QUOTED_INCLUDE_IN_FRAMEWORK_HEADER = YES;
				CLANG_WARN_RANGE_LOOP_ANALYSIS = YES;
				CLANG_WARN_STRICT_PROTOTYPES = YES;
				CLANG_WARN_SUSPICIOUS_MOVE = YES;
				CLANG_WARN_UNGUARDED_AVAILABILITY = YES_AGGRESSIVE;
				CLANG_WARN_UNREACHABLE_CODE = YES;
				CLANG_WARN__DUPLICATE_METHOD_MATCH = YES;
				COPY_PHASE_STRIP = NO;
				DEBUG_INFORMATION_FORMAT = "dwarf-with-dsym";
				ENABLE_NS_ASSERTIONS = NO;
				ENABLE_STRICT_OBJC_MSGSEND = YES;
				ENABLE_USER_SCRIPT_SANDBOXING = YES;
				GCC_C_LANGUAGE_STANDARD = gnu17;
				GCC_NO_COMMON_BLOCKS = YES;
				GCC_WARN_64_TO_32_BIT_CONVERSION = YES;
				GCC_WARN_ABOUT_RETURN_TYPE = YES_ERROR;
				GCC_WARN_UNDECLARED_SELECTOR = YES;
				GCC_WARN_UNINITIALIZED_AUTOS = YES_AGGRESSIVE;
				GCC_WARN_UNUSED_FUNCTION = YES;
				GCC_WARN_UNUSED_VARIABLE = YES;
				IPHONEOS_DEPLOYMENT_TARGET = 17.5;
				LOCALIZATION_PREFERS_STRING_CATALOGS = YES;
				MTL_ENABLE_DEBUG_INFO = NO;
				MTL_FAST_MATH = YES;
				SDKROOT = iphoneos;
				SWIFT_COMPILATION_MODE = wholemodule;
				VALIDATE_PRODUCT = YES;
			};
			name = Release;
		};
		1AA52E802C627B06006F4969 /* Debug */ = {
			isa = XCBuildConfiguration;
			buildSettings = {
				ASSETCATALOG_COMPILER_APPICON_NAME = AppIcon;
				ASSETCATALOG_COMPILER_GLOBAL_ACCENT_COLOR_NAME = AccentColor;
				CODE_SIGN_STYLE = Automatic;
				CURRENT_PROJECT_VERSION = 1;
				DEVELOPMENT_ASSET_PATHS = "\"SwiftUIPhotoGalleryApp/Preview Content\"";
				DEVELOPMENT_TEAM = QZ329TNU43;
				ENABLE_PREVIEWS = YES;
				GENERATE_INFOPLIST_FILE = YES;
				INFOPLIST_KEY_UIApplicationSceneManifest_Generation = YES;
				INFOPLIST_KEY_UIApplicationSupportsIndirectInputEvents = YES;
				INFOPLIST_KEY_UILaunchScreen_Generation = YES;
				INFOPLIST_KEY_UISupportedInterfaceOrientations_iPad = "UIInterfaceOrientationPortrait UIInterfaceOrientationPortraitUpsideDown UIInterfaceOrientationLandscapeLeft UIInterfaceOrientationLandscapeRight";
				INFOPLIST_KEY_UISupportedInterfaceOrientations_iPhone = "UIInterfaceOrientationPortrait UIInterfaceOrientationLandscapeLeft UIInterfaceOrientationLandscapeRight";
				LD_RUNPATH_SEARCH_PATHS = (
					"$(inherited)",
					"@executable_path/Frameworks",
				);
				MARKETING_VERSION = 1.0;
				PRODUCT_BUNDLE_IDENTIFIER = iosmaster.com.SwiftUIPhotoGalleryApp;
				PRODUCT_NAME = "$(TARGET_NAME)";
				SWIFT_EMIT_LOC_STRINGS = YES;
				SWIFT_VERSION = 5.0;
				TARGETED_DEVICE_FAMILY = "1,2";
			};
			name = Debug;
		};
		1AA52E812C627B06006F4969 /* Release */ = {
			isa = XCBuildConfiguration;
			buildSettings = {
				ASSETCATALOG_COMPILER_APPICON_NAME = AppIcon;
				ASSETCATALOG_COMPILER_GLOBAL_ACCENT_COLOR_NAME = AccentColor;
				CODE_SIGN_STYLE = Automatic;
				CURRENT_PROJECT_VERSION = 1;
				DEVELOPMENT_ASSET_PATHS = "\"SwiftUIPhotoGalleryApp/Preview Content\"";
				DEVELOPMENT_TEAM = QZ329TNU43;
				ENABLE_PREVIEWS = YES;
				GENERATE_INFOPLIST_FILE = YES;
				INFOPLIST_KEY_UIApplicationSceneManifest_Generation = YES;
				INFOPLIST_KEY_UIApplicationSupportsIndirectInputEvents = YES;
				INFOPLIST_KEY_UILaunchScreen_Generation = YES;
				INFOPLIST_KEY_UISupportedInterfaceOrientations_iPad = "UIInterfaceOrientationPortrait UIInterfaceOrientationPortraitUpsideDown UIInterfaceOrientationLandscapeLeft UIInterfaceOrientationLandscapeRight";
				INFOPLIST_KEY_UISupportedInterfaceOrientations_iPhone = "UIInterfaceOrientationPortrait UIInterfaceOrientationLandscapeLeft UIInterfaceOrientationLandscapeRight";
				LD_RUNPATH_SEARCH_PATHS = (
					"$(inherited)",
					"@executable_path/Frameworks",
				);
				MARKETING_VERSION = 1.0;
				PRODUCT_BUNDLE_IDENTIFIER = iosmaster.com.SwiftUIPhotoGalleryApp;
				PRODUCT_NAME = "$(TARGET_NAME)";
				SWIFT_EMIT_LOC_STRINGS = YES;
				SWIFT_VERSION = 5.0;
				TARGETED_DEVICE_FAMILY = "1,2";
			};
			name = Release;
		};
/* End XCBuildConfiguration section */

/* Begin XCConfigurationList section */
		1AA52E6C2C627B04006F4969 /* Build configuration list for PBXProject "SwiftUIPhotoGalleryApp" */ = {
			isa = XCConfigurationList;
			buildConfigurations = (
				1AA52E7D2C627B06006F4969 /* Debug */,
				1AA52E7E2C627B06006F4969 /* Release */,
			);
			defaultConfigurationIsVisible = 0;
			defaultConfigurationName = Release;
		};
		1AA52E7F2C627B06006F4969 /* Build configuration list for PBXNativeTarget "SwiftUIPhotoGalleryApp" */ = {
			isa = XCConfigurationList;
			buildConfigurations = (
				1AA52E802C627B06006F4969 /* Debug */,
				1AA52E812C627B06006F4969 /* Release */,
			);
			defaultConfigurationIsVisible = 0;
			defaultConfigurationName = Release;
		};
/* End XCConfigurationList section */
	};
	rootObject = 1AA52E692C627B04006F4969 /* Project object */;
}
